
Microsoft Visual Studio Solution File, Format Version 12.00
# Visual Studio 14
VisualStudioVersion = 14.0.25123.0
MinimumVisualStudioVersion = 10.0.40219.1
Project("{FAE04EC0-301F-11D3-BF4B-00C04F79EFBC}") = "Master.Droid", "Master\Master.Droid\Master.Droid.csproj", "{3E916E12-0A61-4A15-992B-BBF627610C78}"
EndProject
Project("{FAE04EC0-301F-11D3-BF4B-00C04F79EFBC}") = "Master.iOS", "Master\Master.iOS\Master.iOS.csproj", "{1D97E35B-DB13-4215-B61D-445F01793AF6}"
EndProject
Project("{FAE04EC0-301F-11D3-BF4B-00C04F79EFBC}") = "Master.WinPhone", "Master\Master.WinPhone\Master.WinPhone.csproj", "{C3E593B6-3C71-41D3-BC5D-73112D4116FA}"
EndProject
Project("{FAE04EC0-301F-11D3-BF4B-00C04F79EFBC}") = "Master.UWP", "Master\Master.UWP\Master.UWP.csproj", "{12B0A052-D0E5-44A6-AFF2-AB672F286E37}"
EndProject
Project("{FAE04EC0-301F-11D3-BF4B-00C04F79EFBC}") = "Master.Windows", "Master\Master.Windows\Master.Windows.csproj", "{BC4D8ABB-CEEC-4B11-997F-18E9A3673CEE}"
EndProject
Project("{FAE04EC0-301F-11D3-BF4B-00C04F79EFBC}") = "Master", "Master\Master\Master.csproj", "{3B401183-D0AB-425A-A2C4-9261294D8730}"
EndProject
Global
	GlobalSection(SolutionConfigurationPlatforms) = preSolution
		Ad-Hoc|Any CPU = Ad-Hoc|Any CPU
		Ad-Hoc|ARM = Ad-Hoc|ARM
		Ad-Hoc|iPhone = Ad-Hoc|iPhone
		Ad-Hoc|iPhoneSimulator = Ad-Hoc|iPhoneSimulator
		Ad-Hoc|x64 = Ad-Hoc|x64
		Ad-Hoc|x86 = Ad-Hoc|x86
		AppStore|Any CPU = AppStore|Any CPU
		AppStore|ARM = AppStore|ARM
		AppStore|iPhone = AppStore|iPhone
		AppStore|iPhoneSimulator = AppStore|iPhoneSimulator
		AppStore|x64 = AppStore|x64
		AppStore|x86 = AppStore|x86
		Debug|Any CPU = Debug|Any CPU
		Debug|ARM = Debug|ARM
		Debug|iPhone = Debug|iPhone
		Debug|iPhoneSimulator = Debug|iPhoneSimulator
		Debug|x64 = Debug|x64
		Debug|x86 = Debug|x86
		Release|Any CPU = Release|Any CPU
		Release|ARM = Release|ARM
		Release|iPhone = Release|iPhone
		Release|iPhoneSimulator = Release|iPhoneSimulator
		Release|x64 = Release|x64
		Release|x86 = Release|x86
	EndGlobalSection
	GlobalSection(ProjectConfigurationPlatforms) = postSolution
		{3E916E12-0A61-4A15-992B-BBF627610C78}.Ad-Hoc|Any CPU.ActiveCfg = Release|Any CPU
		{3E916E12-0A61-4A15-992B-BBF627610C78}.Ad-Hoc|Any CPU.Build.0 = Release|Any CPU
		{3E916E12-0A61-4A15-992B-BBF627610C78}.Ad-Hoc|Any CPU.Deploy.0 = Release|Any CPU
		{3E916E12-0A61-4A15-992B-BBF627610C78}.Ad-Hoc|ARM.ActiveCfg = Release|Any CPU
		{3E916E12-0A61-4A15-992B-BBF627610C78}.Ad-Hoc|ARM.Build.0 = Release|Any CPU
		{3E916E12-0A61-4A15-992B-BBF627610C78}.Ad-Hoc|ARM.Deploy.0 = Release|Any CPU
		{3E916E12-0A61-4A15-992B-BBF627610C78}.Ad-Hoc|iPhone.ActiveCfg = Release|Any CPU
		{3E916E12-0A61-4A15-992B-BBF627610C78}.Ad-Hoc|iPhone.Build.0 = Release|Any CPU
		{3E916E12-0A61-4A15-992B-BBF627610C78}.Ad-Hoc|iPhone.Deploy.0 = Release|Any CPU
		{3E916E12-0A61-4A15-992B-BBF627610C78}.Ad-Hoc|iPhoneSimulator.ActiveCfg = Release|Any CPU
		{3E916E12-0A61-4A15-992B-BBF627610C78}.Ad-Hoc|iPhoneSimulator.Build.0 = Release|Any CPU
		{3E916E12-0A61-4A15-992B-BBF627610C78}.Ad-Hoc|iPhoneSimulator.Deploy.0 = Release|Any CPU
		{3E916E12-0A61-4A15-992B-BBF627610C78}.Ad-Hoc|x64.ActiveCfg = Release|Any CPU
		{3E916E12-0A61-4A15-992B-BBF627610C78}.Ad-Hoc|x64.Build.0 = Release|Any CPU
		{3E916E12-0A61-4A15-992B-BBF627610C78}.Ad-Hoc|x64.Deploy.0 = Release|Any CPU
		{3E916E12-0A61-4A15-992B-BBF627610C78}.Ad-Hoc|x86.ActiveCfg = Release|Any CPU
		{3E916E12-0A61-4A15-992B-BBF627610C78}.Ad-Hoc|x86.Build.0 = Release|Any CPU
		{3E916E12-0A61-4A15-992B-BBF627610C78}.Ad-Hoc|x86.Deploy.0 = Release|Any CPU
		{3E916E12-0A61-4A15-992B-BBF627610C78}.AppStore|Any CPU.ActiveCfg = Release|Any CPU
		{3E916E12-0A61-4A15-992B-BBF627610C78}.AppStore|Any CPU.Build.0 = Release|Any CPU
		{3E916E12-0A61-4A15-992B-BBF627610C78}.AppStore|Any CPU.Deploy.0 = Release|Any CPU
		{3E916E12-0A61-4A15-992B-BBF627610C78}.AppStore|ARM.ActiveCfg = Release|Any CPU
		{3E916E12-0A61-4A15-992B-BBF627610C78}.AppStore|ARM.Build.0 = Release|Any CPU
		{3E916E12-0A61-4A15-992B-BBF627610C78}.AppStore|ARM.Deploy.0 = Release|Any CPU
		{3E916E12-0A61-4A15-992B-BBF627610C78}.AppStore|iPhone.ActiveCfg = Release|Any CPU
		{3E916E12-0A61-4A15-992B-BBF627610C78}.AppStore|iPhone.Build.0 = Release|Any CPU
		{3E916E12-0A61-4A15-992B-BBF627610C78}.AppStore|iPhone.Deploy.0 = Release|Any CPU
		{3E916E12-0A61-4A15-992B-BBF627610C78}.AppStore|iPhoneSimulator.ActiveCfg = Release|Any CPU
		{3E916E12-0A61-4A15-992B-BBF627610C78}.AppStore|iPhoneSimulator.Build.0 = Release|Any CPU
		{3E916E12-0A61-4A15-992B-BBF627610C78}.AppStore|iPhoneSimulator.Deploy.0 = Release|Any CPU
		{3E916E12-0A61-4A15-992B-BBF627610C78}.AppStore|x64.ActiveCfg = Release|Any CPU
		{3E916E12-0A61-4A15-992B-BBF627610C78}.AppStore|x64.Build.0 = Release|Any CPU
		{3E916E12-0A61-4A15-992B-BBF627610C78}.AppStore|x64.Deploy.0 = Release|Any CPU
		{3E916E12-0A61-4A15-992B-BBF627610C78}.AppStore|x86.ActiveCfg = Release|Any CPU
		{3E916E12-0A61-4A15-992B-BBF627610C78}.AppStore|x86.Build.0 = Release|Any CPU
		{3E916E12-0A61-4A15-992B-BBF627610C78}.AppStore|x86.Deploy.0 = Release|Any CPU
		{3E916E12-0A61-4A15-992B-BBF627610C78}.Debug|Any CPU.ActiveCfg = Debug|Any CPU
		{3E916E12-0A61-4A15-992B-BBF627610C78}.Debug|Any CPU.Build.0 = Debug|Any CPU
		{3E916E12-0A61-4A15-992B-BBF627610C78}.Debug|Any CPU.Deploy.0 = Debug|Any CPU
		{3E916E12-0A61-4A15-992B-BBF627610C78}.Debug|ARM.ActiveCfg = Debug|Any CPU
		{3E916E12-0A61-4A15-992B-BBF627610C78}.Debug|ARM.Build.0 = Debug|Any CPU
		{3E916E12-0A61-4A15-992B-BBF627610C78}.Debug|ARM.Deploy.0 = Debug|Any CPU
		{3E916E12-0A61-4A15-992B-BBF627610C78}.Debug|iPhone.ActiveCfg = Debug|Any CPU
		{3E916E12-0A61-4A15-992B-BBF627610C78}.Debug|iPhone.Build.0 = Debug|Any CPU
		{3E916E12-0A61-4A15-992B-BBF627610C78}.Debug|iPhone.Deploy.0 = Debug|Any CPU
		{3E916E12-0A61-4A15-992B-BBF627610C78}.Debug|iPhoneSimulator.ActiveCfg = Debug|Any CPU
		{3E916E12-0A61-4A15-992B-BBF627610C78}.Debug|iPhoneSimulator.Build.0 = Debug|Any CPU
		{3E916E12-0A61-4A15-992B-BBF627610C78}.Debug|iPhoneSimulator.Deploy.0 = Debug|Any CPU
		{3E916E12-0A61-4A15-992B-BBF627610C78}.Debug|x64.ActiveCfg = Debug|Any CPU
		{3E916E12-0A61-4A15-992B-BBF627610C78}.Debug|x64.Build.0 = Debug|Any CPU
		{3E916E12-0A61-4A15-992B-BBF627610C78}.Debug|x64.Deploy.0 = Debug|Any CPU
		{3E916E12-0A61-4A15-992B-BBF627610C78}.Debug|x86.ActiveCfg = Debug|Any CPU
		{3E916E12-0A61-4A15-992B-BBF627610C78}.Debug|x86.Build.0 = Debug|Any CPU
		{3E916E12-0A61-4A15-992B-BBF627610C78}.Debug|x86.Deploy.0 = Debug|Any CPU
		{3E916E12-0A61-4A15-992B-BBF627610C78}.Release|Any CPU.ActiveCfg = Release|Any CPU
		{3E916E12-0A61-4A15-992B-BBF627610C78}.Release|Any CPU.Build.0 = Release|Any CPU
		{3E916E12-0A61-4A15-992B-BBF627610C78}.Release|Any CPU.Deploy.0 = Release|Any CPU
		{3E916E12-0A61-4A15-992B-BBF627610C78}.Release|ARM.ActiveCfg = Release|Any CPU
		{3E916E12-0A61-4A15-992B-BBF627610C78}.Release|ARM.Build.0 = Release|Any CPU
		{3E916E12-0A61-4A15-992B-BBF627610C78}.Release|ARM.Deploy.0 = Release|Any CPU
		{3E916E12-0A61-4A15-992B-BBF627610C78}.Release|iPhone.ActiveCfg = Release|Any CPU
		{3E916E12-0A61-4A15-992B-BBF627610C78}.Release|iPhone.Build.0 = Release|Any CPU
		{3E916E12-0A61-4A15-992B-BBF627610C78}.Release|iPhone.Deploy.0 = Release|Any CPU
		{3E916E12-0A61-4A15-992B-BBF627610C78}.Release|iPhoneSimulator.ActiveCfg = Release|Any CPU
		{3E916E12-0A61-4A15-992B-BBF627610C78}.Release|iPhoneSimulator.Build.0 = Release|Any CPU
		{3E916E12-0A61-4A15-992B-BBF627610C78}.Release|iPhoneSimulator.Deploy.0 = Release|Any CPU
		{3E916E12-0A61-4A15-992B-BBF627610C78}.Release|x64.ActiveCfg = Release|Any CPU
		{3E916E12-0A61-4A15-992B-BBF627610C78}.Release|x64.Build.0 = Release|Any CPU
		{3E916E12-0A61-4A15-992B-BBF627610C78}.Release|x64.Deploy.0 = Release|Any CPU
		{3E916E12-0A61-4A15-992B-BBF627610C78}.Release|x86.ActiveCfg = Release|Any CPU
		{3E916E12-0A61-4A15-992B-BBF627610C78}.Release|x86.Build.0 = Release|Any CPU
		{3E916E12-0A61-4A15-992B-BBF627610C78}.Release|x86.Deploy.0 = Release|Any CPU
		{1D97E35B-DB13-4215-B61D-445F01793AF6}.Ad-Hoc|Any CPU.ActiveCfg = Ad-Hoc|iPhone
		{1D97E35B-DB13-4215-B61D-445F01793AF6}.Ad-Hoc|ARM.ActiveCfg = Ad-Hoc|iPhone
		{1D97E35B-DB13-4215-B61D-445F01793AF6}.Ad-Hoc|iPhone.ActiveCfg = Ad-Hoc|iPhone
		{1D97E35B-DB13-4215-B61D-445F01793AF6}.Ad-Hoc|iPhone.Build.0 = Ad-Hoc|iPhone
		{1D97E35B-DB13-4215-B61D-445F01793AF6}.Ad-Hoc|iPhoneSimulator.ActiveCfg = Ad-Hoc|iPhoneSimulator
		{1D97E35B-DB13-4215-B61D-445F01793AF6}.Ad-Hoc|iPhoneSimulator.Build.0 = Ad-Hoc|iPhoneSimulator
		{1D97E35B-DB13-4215-B61D-445F01793AF6}.Ad-Hoc|x64.ActiveCfg = Ad-Hoc|iPhone
		{1D97E35B-DB13-4215-B61D-445F01793AF6}.Ad-Hoc|x86.ActiveCfg = Ad-Hoc|iPhone
		{1D97E35B-DB13-4215-B61D-445F01793AF6}.AppStore|Any CPU.ActiveCfg = AppStore|iPhone
		{1D97E35B-DB13-4215-B61D-445F01793AF6}.AppStore|ARM.ActiveCfg = AppStore|iPhone
		{1D97E35B-DB13-4215-B61D-445F01793AF6}.AppStore|iPhone.ActiveCfg = AppStore|iPhone
		{1D97E35B-DB13-4215-B61D-445F01793AF6}.AppStore|iPhone.Build.0 = AppStore|iPhone
		{1D97E35B-DB13-4215-B61D-445F01793AF6}.AppStore|iPhoneSimulator.ActiveCfg = AppStore|iPhoneSimulator
		{1D97E35B-DB13-4215-B61D-445F01793AF6}.AppStore|iPhoneSimulator.Build.0 = AppStore|iPhoneSimulator
		{1D97E35B-DB13-4215-B61D-445F01793AF6}.AppStore|x64.ActiveCfg = AppStore|iPhone
		{1D97E35B-DB13-4215-B61D-445F01793AF6}.AppStore|x86.ActiveCfg = AppStore|iPhone
		{1D97E35B-DB13-4215-B61D-445F01793AF6}.Debug|Any CPU.ActiveCfg = Debug|iPhone
		{1D97E35B-DB13-4215-B61D-445F01793AF6}.Debug|ARM.ActiveCfg = Debug|iPhone
		{1D97E35B-DB13-4215-B61D-445F01793AF6}.Debug|iPhone.ActiveCfg = Debug|iPhone
		{1D97E35B-DB13-4215-B61D-445F01793AF6}.Debug|iPhone.Build.0 = Debug|iPhone
		{1D97E35B-DB13-4215-B61D-445F01793AF6}.Debug|iPhoneSimulator.ActiveCfg = Debug|iPhoneSimulator
		{1D97E35B-DB13-4215-B61D-445F01793AF6}.Debug|iPhoneSimulator.Build.0 = Debug|iPhoneSimulator
		{1D97E35B-DB13-4215-B61D-445F01793AF6}.Debug|x64.ActiveCfg = Debug|iPhone
		{1D97E35B-DB13-4215-B61D-445F01793AF6}.Debug|x86.ActiveCfg = Debug|iPhone
		{1D97E35B-DB13-4215-B61D-445F01793AF6}.Release|Any CPU.ActiveCfg = Release|iPhone
		{1D97E35B-DB13-4215-B61D-445F01793AF6}.Release|ARM.ActiveCfg = Release|iPhone
		{1D97E35B-DB13-4215-B61D-445F01793AF6}.Release|iPhone.ActiveCfg = Release|iPhone
		{1D97E35B-DB13-4215-B61D-445F01793AF6}.Release|iPhone.Build.0 = Release|iPhone
		{1D97E35B-DB13-4215-B61D-445F01793AF6}.Release|iPhoneSimulator.ActiveCfg = Release|iPhoneSimulator
		{1D97E35B-DB13-4215-B61D-445F01793AF6}.Release|iPhoneSimulator.Build.0 = Release|iPhoneSimulator
		{1D97E35B-DB13-4215-B61D-445F01793AF6}.Release|x64.ActiveCfg = Release|iPhone
		{1D97E35B-DB13-4215-B61D-445F01793AF6}.Release|x86.ActiveCfg = Release|iPhone
		{C3E593B6-3C71-41D3-BC5D-73112D4116FA}.Ad-Hoc|Any CPU.ActiveCfg = Release|Any CPU
		{C3E593B6-3C71-41D3-BC5D-73112D4116FA}.Ad-Hoc|Any CPU.Build.0 = Release|Any CPU
		{C3E593B6-3C71-41D3-BC5D-73112D4116FA}.Ad-Hoc|Any CPU.Deploy.0 = Release|Any CPU
		{C3E593B6-3C71-41D3-BC5D-73112D4116FA}.Ad-Hoc|ARM.ActiveCfg = Release|ARM
		{C3E593B6-3C71-41D3-BC5D-73112D4116FA}.Ad-Hoc|ARM.Build.0 = Release|ARM
		{C3E593B6-3C71-41D3-BC5D-73112D4116FA}.Ad-Hoc|ARM.Deploy.0 = Release|ARM
		{C3E593B6-3C71-41D3-BC5D-73112D4116FA}.Ad-Hoc|iPhone.ActiveCfg = Release|Any CPU
		{C3E593B6-3C71-41D3-BC5D-73112D4116FA}.Ad-Hoc|iPhone.Build.0 = Release|Any CPU
		{C3E593B6-3C71-41D3-BC5D-73112D4116FA}.Ad-Hoc|iPhone.Deploy.0 = Release|Any CPU
		{C3E593B6-3C71-41D3-BC5D-73112D4116FA}.Ad-Hoc|iPhoneSimulator.ActiveCfg = Release|Any CPU
		{C3E593B6-3C71-41D3-BC5D-73112D4116FA}.Ad-Hoc|iPhoneSimulator.Build.0 = Release|Any CPU
		{C3E593B6-3C71-41D3-BC5D-73112D4116FA}.Ad-Hoc|iPhoneSimulator.Deploy.0 = Release|Any CPU
		{C3E593B6-3C71-41D3-BC5D-73112D4116FA}.Ad-Hoc|x64.ActiveCfg = Release|Any CPU
		{C3E593B6-3C71-41D3-BC5D-73112D4116FA}.Ad-Hoc|x64.Build.0 = Release|Any CPU
		{C3E593B6-3C71-41D3-BC5D-73112D4116FA}.Ad-Hoc|x64.Deploy.0 = Release|Any CPU
		{C3E593B6-3C71-41D3-BC5D-73112D4116FA}.Ad-Hoc|x86.ActiveCfg = Release|x86
		{C3E593B6-3C71-41D3-BC5D-73112D4116FA}.Ad-Hoc|x86.Build.0 = Release|x86
		{C3E593B6-3C71-41D3-BC5D-73112D4116FA}.Ad-Hoc|x86.Deploy.0 = Release|x86
		{C3E593B6-3C71-41D3-BC5D-73112D4116FA}.AppStore|Any CPU.ActiveCfg = Release|Any CPU
		{C3E593B6-3C71-41D3-BC5D-73112D4116FA}.AppStore|Any CPU.Build.0 = Release|Any CPU
		{C3E593B6-3C71-41D3-BC5D-73112D4116FA}.AppStore|Any CPU.Deploy.0 = Release|Any CPU
		{C3E593B6-3C71-41D3-BC5D-73112D4116FA}.AppStore|ARM.ActiveCfg = Release|ARM
		{C3E593B6-3C71-41D3-BC5D-73112D4116FA}.AppStore|ARM.Build.0 = Release|ARM
		{C3E593B6-3C71-41D3-BC5D-73112D4116FA}.AppStore|ARM.Deploy.0 = Release|ARM
		{C3E593B6-3C71-41D3-BC5D-73112D4116FA}.AppStore|iPhone.ActiveCfg = Release|Any CPU
		{C3E593B6-3C71-41D3-BC5D-73112D4116FA}.AppStore|iPhone.Build.0 = Release|Any CPU
		{C3E593B6-3C71-41D3-BC5D-73112D4116FA}.AppStore|iPhone.Deploy.0 = Release|Any CPU
		{C3E593B6-3C71-41D3-BC5D-73112D4116FA}.AppStore|iPhoneSimulator.ActiveCfg = Release|Any CPU
		{C3E593B6-3C71-41D3-BC5D-73112D4116FA}.AppStore|iPhoneSimulator.Build.0 = Release|Any CPU
		{C3E593B6-3C71-41D3-BC5D-73112D4116FA}.AppStore|iPhoneSimulator.Deploy.0 = Release|Any CPU
		{C3E593B6-3C71-41D3-BC5D-73112D4116FA}.AppStore|x64.ActiveCfg = Release|Any CPU
		{C3E593B6-3C71-41D3-BC5D-73112D4116FA}.AppStore|x64.Build.0 = Release|Any CPU
		{C3E593B6-3C71-41D3-BC5D-73112D4116FA}.AppStore|x64.Deploy.0 = Release|Any CPU
		{C3E593B6-3C71-41D3-BC5D-73112D4116FA}.AppStore|x86.ActiveCfg = Release|x86
		{C3E593B6-3C71-41D3-BC5D-73112D4116FA}.AppStore|x86.Build.0 = Release|x86
		{C3E593B6-3C71-41D3-BC5D-73112D4116FA}.AppStore|x86.Deploy.0 = Release|x86
		{C3E593B6-3C71-41D3-BC5D-73112D4116FA}.Debug|Any CPU.ActiveCfg = Debug|Any CPU
		{C3E593B6-3C71-41D3-BC5D-73112D4116FA}.Debug|Any CPU.Build.0 = Debug|Any CPU
		{C3E593B6-3C71-41D3-BC5D-73112D4116FA}.Debug|Any CPU.Deploy.0 = Debug|Any CPU
		{C3E593B6-3C71-41D3-BC5D-73112D4116FA}.Debug|ARM.ActiveCfg = Debug|ARM
		{C3E593B6-3C71-41D3-BC5D-73112D4116FA}.Debug|ARM.Build.0 = Debug|ARM
		{C3E593B6-3C71-41D3-BC5D-73112D4116FA}.Debug|ARM.Deploy.0 = Debug|ARM
		{C3E593B6-3C71-41D3-BC5D-73112D4116FA}.Debug|iPhone.ActiveCfg = Debug|Any CPU
		{C3E593B6-3C71-41D3-BC5D-73112D4116FA}.Debug|iPhone.Build.0 = Debug|Any CPU
		{C3E593B6-3C71-41D3-BC5D-73112D4116FA}.Debug|iPhone.Deploy.0 = Debug|Any CPU
		{C3E593B6-3C71-41D3-BC5D-73112D4116FA}.Debug|iPhoneSimulator.ActiveCfg = Debug|Any CPU
		{C3E593B6-3C71-41D3-BC5D-73112D4116FA}.Debug|iPhoneSimulator.Build.0 = Debug|Any CPU
		{C3E593B6-3C71-41D3-BC5D-73112D4116FA}.Debug|iPhoneSimulator.Deploy.0 = Debug|Any CPU
		{C3E593B6-3C71-41D3-BC5D-73112D4116FA}.Debug|x64.ActiveCfg = Debug|Any CPU
		{C3E593B6-3C71-41D3-BC5D-73112D4116FA}.Debug|x64.Build.0 = Debug|Any CPU
		{C3E593B6-3C71-41D3-BC5D-73112D4116FA}.Debug|x64.Deploy.0 = Debug|Any CPU
		{C3E593B6-3C71-41D3-BC5D-73112D4116FA}.Debug|x86.ActiveCfg = Debug|x86
		{C3E593B6-3C71-41D3-BC5D-73112D4116FA}.Debug|x86.Build.0 = Debug|x86
		{C3E593B6-3C71-41D3-BC5D-73112D4116FA}.Debug|x86.Deploy.0 = Debug|x86
		{C3E593B6-3C71-41D3-BC5D-73112D4116FA}.Release|Any CPU.ActiveCfg = Release|Any CPU
		{C3E593B6-3C71-41D3-BC5D-73112D4116FA}.Release|Any CPU.Build.0 = Release|Any CPU
		{C3E593B6-3C71-41D3-BC5D-73112D4116FA}.Release|Any CPU.Deploy.0 = Release|Any CPU
		{C3E593B6-3C71-41D3-BC5D-73112D4116FA}.Release|ARM.ActiveCfg = Release|ARM
		{C3E593B6-3C71-41D3-BC5D-73112D4116FA}.Release|ARM.Build.0 = Release|ARM
		{C3E593B6-3C71-41D3-BC5D-73112D4116FA}.Release|ARM.Deploy.0 = Release|ARM
		{C3E593B6-3C71-41D3-BC5D-73112D4116FA}.Release|iPhone.ActiveCfg = Release|Any CPU
		{C3E593B6-3C71-41D3-BC5D-73112D4116FA}.Release|iPhone.Build.0 = Release|Any CPU
		{C3E593B6-3C71-41D3-BC5D-73112D4116FA}.Release|iPhone.Deploy.0 = Release|Any CPU
		{C3E593B6-3C71-41D3-BC5D-73112D4116FA}.Release|iPhoneSimulator.ActiveCfg = Release|Any CPU
		{C3E593B6-3C71-41D3-BC5D-73112D4116FA}.Release|iPhoneSimulator.Build.0 = Release|Any CPU
		{C3E593B6-3C71-41D3-BC5D-73112D4116FA}.Release|iPhoneSimulator.Deploy.0 = Release|Any CPU
		{C3E593B6-3C71-41D3-BC5D-73112D4116FA}.Release|x64.ActiveCfg = Release|Any CPU
		{C3E593B6-3C71-41D3-BC5D-73112D4116FA}.Release|x64.Build.0 = Release|Any CPU
		{C3E593B6-3C71-41D3-BC5D-73112D4116FA}.Release|x64.Deploy.0 = Release|Any CPU
		{C3E593B6-3C71-41D3-BC5D-73112D4116FA}.Release|x86.ActiveCfg = Release|x86
		{C3E593B6-3C71-41D3-BC5D-73112D4116FA}.Release|x86.Build.0 = Release|x86
		{C3E593B6-3C71-41D3-BC5D-73112D4116FA}.Release|x86.Deploy.0 = Release|x86
		{12B0A052-D0E5-44A6-AFF2-AB672F286E37}.Ad-Hoc|Any CPU.ActiveCfg = Release|x86
		{12B0A052-D0E5-44A6-AFF2-AB672F286E37}.Ad-Hoc|Any CPU.Build.0 = Release|x86
		{12B0A052-D0E5-44A6-AFF2-AB672F286E37}.Ad-Hoc|Any CPU.Deploy.0 = Release|x86
		{12B0A052-D0E5-44A6-AFF2-AB672F286E37}.Ad-Hoc|ARM.ActiveCfg = Release|ARM
		{12B0A052-D0E5-44A6-AFF2-AB672F286E37}.Ad-Hoc|ARM.Build.0 = Release|ARM
		{12B0A052-D0E5-44A6-AFF2-AB672F286E37}.Ad-Hoc|ARM.Deploy.0 = Release|ARM
		{12B0A052-D0E5-44A6-AFF2-AB672F286E37}.Ad-Hoc|iPhone.ActiveCfg = Release|x86
		{12B0A052-D0E5-44A6-AFF2-AB672F286E37}.Ad-Hoc|iPhone.Build.0 = Release|x86
		{12B0A052-D0E5-44A6-AFF2-AB672F286E37}.Ad-Hoc|iPhone.Deploy.0 = Release|x86
		{12B0A052-D0E5-44A6-AFF2-AB672F286E37}.Ad-Hoc|iPhoneSimulator.ActiveCfg = Release|x86
		{12B0A052-D0E5-44A6-AFF2-AB672F286E37}.Ad-Hoc|iPhoneSimulator.Build.0 = Release|x86
		{12B0A052-D0E5-44A6-AFF2-AB672F286E37}.Ad-Hoc|iPhoneSimulator.Deploy.0 = Release|x86
		{12B0A052-D0E5-44A6-AFF2-AB672F286E37}.Ad-Hoc|x64.ActiveCfg = Release|x64
		{12B0A052-D0E5-44A6-AFF2-AB672F286E37}.Ad-Hoc|x64.Build.0 = Release|x64
		{12B0A052-D0E5-44A6-AFF2-AB672F286E37}.Ad-Hoc|x64.Deploy.0 = Release|x64
		{12B0A052-D0E5-44A6-AFF2-AB672F286E37}.Ad-Hoc|x86.ActiveCfg = Release|x86
		{12B0A052-D0E5-44A6-AFF2-AB672F286E37}.Ad-Hoc|x86.Build.0 = Release|x86
		{12B0A052-D0E5-44A6-AFF2-AB672F286E37}.Ad-Hoc|x86.Deploy.0 = Release|x86
		{12B0A052-D0E5-44A6-AFF2-AB672F286E37}.AppStore|Any CPU.ActiveCfg = Release|x86
		{12B0A052-D0E5-44A6-AFF2-AB672F286E37}.AppStore|Any CPU.Build.0 = Release|x86
		{12B0A052-D0E5-44A6-AFF2-AB672F286E37}.AppStore|Any CPU.Deploy.0 = Release|x86
		{12B0A052-D0E5-44A6-AFF2-AB672F286E37}.AppStore|ARM.ActiveCfg = Release|ARM
		{12B0A052-D0E5-44A6-AFF2-AB672F286E37}.AppStore|ARM.Build.0 = Release|ARM
		{12B0A052-D0E5-44A6-AFF2-AB672F286E37}.AppStore|ARM.Deploy.0 = Release|ARM
		{12B0A052-D0E5-44A6-AFF2-AB672F286E37}.AppStore|iPhone.ActiveCfg = Release|x86
		{12B0A052-D0E5-44A6-AFF2-AB672F286E37}.AppStore|iPhone.Build.0 = Release|x86
		{12B0A052-D0E5-44A6-AFF2-AB672F286E37}.AppStore|iPhone.Deploy.0 = Release|x86
		{12B0A052-D0E5-44A6-AFF2-AB672F286E37}.AppStore|iPhoneSimulator.ActiveCfg = Release|x86
		{12B0A052-D0E5-44A6-AFF2-AB672F286E37}.AppStore|iPhoneSimulator.Build.0 = Release|x86
		{12B0A052-D0E5-44A6-AFF2-AB672F286E37}.AppStore|iPhoneSimulator.Deploy.0 = Release|x86
		{12B0A052-D0E5-44A6-AFF2-AB672F286E37}.AppStore|x64.ActiveCfg = Release|x64
		{12B0A052-D0E5-44A6-AFF2-AB672F286E37}.AppStore|x64.Build.0 = Release|x64
		{12B0A052-D0E5-44A6-AFF2-AB672F286E37}.AppStore|x64.Deploy.0 = Release|x64
		{12B0A052-D0E5-44A6-AFF2-AB672F286E37}.AppStore|x86.ActiveCfg = Release|x86
		{12B0A052-D0E5-44A6-AFF2-AB672F286E37}.AppStore|x86.Build.0 = Release|x86
		{12B0A052-D0E5-44A6-AFF2-AB672F286E37}.AppStore|x86.Deploy.0 = Release|x86
		{12B0A052-D0E5-44A6-AFF2-AB672F286E37}.Debug|Any CPU.ActiveCfg = Debug|x86
		{12B0A052-D0E5-44A6-AFF2-AB672F286E37}.Debug|ARM.ActiveCfg = Debug|ARM
		{12B0A052-D0E5-44A6-AFF2-AB672F286E37}.Debug|ARM.Build.0 = Debug|ARM
		{12B0A052-D0E5-44A6-AFF2-AB672F286E37}.Debug|ARM.Deploy.0 = Debug|ARM
		{12B0A052-D0E5-44A6-AFF2-AB672F286E37}.Debug|iPhone.ActiveCfg = Debug|x86
		{12B0A052-D0E5-44A6-AFF2-AB672F286E37}.Debug|iPhoneSimulator.ActiveCfg = Debug|x86
		{12B0A052-D0E5-44A6-AFF2-AB672F286E37}.Debug|x64.ActiveCfg = Debug|x64
		{12B0A052-D0E5-44A6-AFF2-AB672F286E37}.Debug|x64.Build.0 = Debug|x64
		{12B0A052-D0E5-44A6-AFF2-AB672F286E37}.Debug|x64.Deploy.0 = Debug|x64
		{12B0A052-D0E5-44A6-AFF2-AB672F286E37}.Debug|x86.ActiveCfg = Debug|x86
		{12B0A052-D0E5-44A6-AFF2-AB672F286E37}.Debug|x86.Build.0 = Debug|x86
		{12B0A052-D0E5-44A6-AFF2-AB672F286E37}.Debug|x86.Deploy.0 = Debug|x86
		{12B0A052-D0E5-44A6-AFF2-AB672F286E37}.Release|Any CPU.ActiveCfg = Release|x86
		{12B0A052-D0E5-44A6-AFF2-AB672F286E37}.Release|ARM.ActiveCfg = Release|ARM
		{12B0A052-D0E5-44A6-AFF2-AB672F286E37}.Release|ARM.Build.0 = Release|ARM
		{12B0A052-D0E5-44A6-AFF2-AB672F286E37}.Release|ARM.Deploy.0 = Release|ARM
		{12B0A052-D0E5-44A6-AFF2-AB672F286E37}.Release|iPhone.ActiveCfg = Release|x86
		{12B0A052-D0E5-44A6-AFF2-AB672F286E37}.Release|iPhoneSimulator.ActiveCfg = Release|x86
		{12B0A052-D0E5-44A6-AFF2-AB672F286E37}.Release|x64.ActiveCfg = Release|x64
		{12B0A052-D0E5-44A6-AFF2-AB672F286E37}.Release|x64.Build.0 = Release|x64
		{12B0A052-D0E5-44A6-AFF2-AB672F286E37}.Release|x64.Deploy.0 = Release|x64
		{12B0A052-D0E5-44A6-AFF2-AB672F286E37}.Release|x86.ActiveCfg = Release|x86
		{12B0A052-D0E5-44A6-AFF2-AB672F286E37}.Release|x86.Build.0 = Release|x86
		{12B0A052-D0E5-44A6-AFF2-AB672F286E37}.Release|x86.Deploy.0 = Release|x86
		{BC4D8ABB-CEEC-4B11-997F-18E9A3673CEE}.Ad-Hoc|Any CPU.ActiveCfg = Release|Any CPU
		{BC4D8ABB-CEEC-4B11-997F-18E9A3673CEE}.Ad-Hoc|Any CPU.Build.0 = Release|Any CPU
		{BC4D8ABB-CEEC-4B11-997F-18E9A3673CEE}.Ad-Hoc|Any CPU.Deploy.0 = Release|Any CPU
		{BC4D8ABB-CEEC-4B11-997F-18E9A3673CEE}.Ad-Hoc|ARM.ActiveCfg = Release|ARM
		{BC4D8ABB-CEEC-4B11-997F-18E9A3673CEE}.Ad-Hoc|ARM.Build.0 = Release|ARM
		{BC4D8ABB-CEEC-4B11-997F-18E9A3673CEE}.Ad-Hoc|ARM.Deploy.0 = Release|ARM
		{BC4D8ABB-CEEC-4B11-997F-18E9A3673CEE}.Ad-Hoc|iPhone.ActiveCfg = Release|Any CPU
		{BC4D8ABB-CEEC-4B11-997F-18E9A3673CEE}.Ad-Hoc|iPhone.Build.0 = Release|Any CPU
		{BC4D8ABB-CEEC-4B11-997F-18E9A3673CEE}.Ad-Hoc|iPhone.Deploy.0 = Release|Any CPU
		{BC4D8ABB-CEEC-4B11-997F-18E9A3673CEE}.Ad-Hoc|iPhoneSimulator.ActiveCfg = Release|Any CPU
		{BC4D8ABB-CEEC-4B11-997F-18E9A3673CEE}.Ad-Hoc|iPhoneSimulator.Build.0 = Release|Any CPU
		{BC4D8ABB-CEEC-4B11-997F-18E9A3673CEE}.Ad-Hoc|iPhoneSimulator.Deploy.0 = Release|Any CPU
		{BC4D8ABB-CEEC-4B11-997F-18E9A3673CEE}.Ad-Hoc|x64.ActiveCfg = Release|x64
		{BC4D8ABB-CEEC-4B11-997F-18E9A3673CEE}.Ad-Hoc|x64.Build.0 = Release|x64
		{BC4D8ABB-CEEC-4B11-997F-18E9A3673CEE}.Ad-Hoc|x64.Deploy.0 = Release|x64
		{BC4D8ABB-CEEC-4B11-997F-18E9A3673CEE}.Ad-Hoc|x86.ActiveCfg = Release|x86
		{BC4D8ABB-CEEC-4B11-997F-18E9A3673CEE}.Ad-Hoc|x86.Build.0 = Release|x86
		{BC4D8ABB-CEEC-4B11-997F-18E9A3673CEE}.Ad-Hoc|x86.Deploy.0 = Release|x86
		{BC4D8ABB-CEEC-4B11-997F-18E9A3673CEE}.AppStore|Any CPU.ActiveCfg = Release|Any CPU
		{BC4D8ABB-CEEC-4B11-997F-18E9A3673CEE}.AppStore|Any CPU.Build.0 = Release|Any CPU
		{BC4D8ABB-CEEC-4B11-997F-18E9A3673CEE}.AppStore|Any CPU.Deploy.0 = Release|Any CPU
		{BC4D8ABB-CEEC-4B11-997F-18E9A3673CEE}.AppStore|ARM.ActiveCfg = Release|ARM
		{BC4D8ABB-CEEC-4B11-997F-18E9A3673CEE}.AppStore|ARM.Build.0 = Release|ARM
		{BC4D8ABB-CEEC-4B11-997F-18E9A3673CEE}.AppStore|ARM.Deploy.0 = Release|ARM
		{BC4D8ABB-CEEC-4B11-997F-18E9A3673CEE}.AppStore|iPhone.ActiveCfg = Release|Any CPU
		{BC4D8ABB-CEEC-4B11-997F-18E9A3673CEE}.AppStore|iPhone.Build.0 = Release|Any CPU
		{BC4D8ABB-CEEC-4B11-997F-18E9A3673CEE}.AppStore|iPhone.Deploy.0 = Release|Any CPU
		{BC4D8ABB-CEEC-4B11-997F-18E9A3673CEE}.AppStore|iPhoneSimulator.ActiveCfg = Release|Any CPU
		{BC4D8ABB-CEEC-4B11-997F-18E9A3673CEE}.AppStore|iPhoneSimulator.Build.0 = Release|Any CPU
		{BC4D8ABB-CEEC-4B11-997F-18E9A3673CEE}.AppStore|iPhoneSimulator.Deploy.0 = Release|Any CPU
		{BC4D8ABB-CEEC-4B11-997F-18E9A3673CEE}.AppStore|x64.ActiveCfg = Release|x64
		{BC4D8ABB-CEEC-4B11-997F-18E9A3673CEE}.AppStore|x64.Build.0 = Release|x64
		{BC4D8ABB-CEEC-4B11-997F-18E9A3673CEE}.AppStore|x64.Deploy.0 = Release|x64
		{BC4D8ABB-CEEC-4B11-997F-18E9A3673CEE}.AppStore|x86.ActiveCfg = Release|x86
		{BC4D8ABB-CEEC-4B11-997F-18E9A3673CEE}.AppStore|x86.Build.0 = Release|x86
		{BC4D8ABB-CEEC-4B11-997F-18E9A3673CEE}.AppStore|x86.Deploy.0 = Release|x86
		{BC4D8ABB-CEEC-4B11-997F-18E9A3673CEE}.Debug|Any CPU.ActiveCfg = Debug|Any CPU
		{BC4D8ABB-CEEC-4B11-997F-18E9A3673CEE}.Debug|Any CPU.Build.0 = Debug|Any CPU
		{BC4D8ABB-CEEC-4B11-997F-18E9A3673CEE}.Debug|Any CPU.Deploy.0 = Debug|Any CPU
		{BC4D8ABB-CEEC-4B11-997F-18E9A3673CEE}.Debug|ARM.ActiveCfg = Debug|ARM
		{BC4D8ABB-CEEC-4B11-997F-18E9A3673CEE}.Debug|ARM.Build.0 = Debug|ARM
		{BC4D8ABB-CEEC-4B11-997F-18E9A3673CEE}.Debug|ARM.Deploy.0 = Debug|ARM
		{BC4D8ABB-CEEC-4B11-997F-18E9A3673CEE}.Debug|iPhone.ActiveCfg = Debug|Any CPU
		{BC4D8ABB-CEEC-4B11-997F-18E9A3673CEE}.Debug|iPhone.Build.0 = Debug|Any CPU
		{BC4D8ABB-CEEC-4B11-997F-18E9A3673CEE}.Debug|iPhone.Deploy.0 = Debug|Any CPU
		{BC4D8ABB-CEEC-4B11-997F-18E9A3673CEE}.Debug|iPhoneSimulator.ActiveCfg = Debug|Any CPU
		{BC4D8ABB-CEEC-4B11-997F-18E9A3673CEE}.Debug|iPhoneSimulator.Build.0 = Debug|Any CPU
		{BC4D8ABB-CEEC-4B11-997F-18E9A3673CEE}.Debug|iPhoneSimulator.Deploy.0 = Debug|Any CPU
		{BC4D8ABB-CEEC-4B11-997F-18E9A3673CEE}.Debug|x64.ActiveCfg = Debug|x64
		{BC4D8ABB-CEEC-4B11-997F-18E9A3673CEE}.Debug|x64.Build.0 = Debug|x64
		{BC4D8ABB-CEEC-4B11-997F-18E9A3673CEE}.Debug|x64.Deploy.0 = Debug|x64
		{BC4D8ABB-CEEC-4B11-997F-18E9A3673CEE}.Debug|x86.ActiveCfg = Debug|x86
		{BC4D8ABB-CEEC-4B11-997F-18E9A3673CEE}.Debug|x86.Build.0 = Debug|x86
		{BC4D8ABB-CEEC-4B11-997F-18E9A3673CEE}.Debug|x86.Deploy.0 = Debug|x86
		{BC4D8ABB-CEEC-4B11-997F-18E9A3673CEE}.Release|Any CPU.ActiveCfg = Release|Any CPU
		{BC4D8ABB-CEEC-4B11-997F-18E9A3673CEE}.Release|Any CPU.Build.0 = Release|Any CPU
		{BC4D8ABB-CEEC-4B11-997F-18E9A3673CEE}.Release|Any CPU.Deploy.0 = Release|Any CPU
		{BC4D8ABB-CEEC-4B11-997F-18E9A3673CEE}.Release|ARM.ActiveCfg = Release|ARM
		{BC4D8ABB-CEEC-4B11-997F-18E9A3673CEE}.Release|ARM.Build.0 = Release|ARM
		{BC4D8ABB-CEEC-4B11-997F-18E9A3673CEE}.Release|ARM.Deploy.0 = Release|ARM
		{BC4D8ABB-CEEC-4B11-997F-18E9A3673CEE}.Release|iPhone.ActiveCfg = Release|Any CPU
		{BC4D8ABB-CEEC-4B11-997F-18E9A3673CEE}.Release|iPhone.Build.0 = Release|Any CPU
		{BC4D8ABB-CEEC-4B11-997F-18E9A3673CEE}.Release|iPhone.Deploy.0 = Release|Any CPU
		{BC4D8ABB-CEEC-4B11-997F-18E9A3673CEE}.Release|iPhoneSimulator.ActiveCfg = Release|Any CPU
		{BC4D8ABB-CEEC-4B11-997F-18E9A3673CEE}.Release|iPhoneSimulator.Build.0 = Release|Any CPU
		{BC4D8ABB-CEEC-4B11-997F-18E9A3673CEE}.Release|iPhoneSimulator.Deploy.0 = Release|Any CPU
		{BC4D8ABB-CEEC-4B11-997F-18E9A3673CEE}.Release|x64.ActiveCfg = Release|x64
		{BC4D8ABB-CEEC-4B11-997F-18E9A3673CEE}.Release|x64.Build.0 = Release|x64
		{BC4D8ABB-CEEC-4B11-997F-18E9A3673CEE}.Release|x64.Deploy.0 = Release|x64
		{BC4D8ABB-CEEC-4B11-997F-18E9A3673CEE}.Release|x86.ActiveCfg = Release|x86
		{BC4D8ABB-CEEC-4B11-997F-18E9A3673CEE}.Release|x86.Build.0 = Release|x86
		{BC4D8ABB-CEEC-4B11-997F-18E9A3673CEE}.Release|x86.Deploy.0 = Release|x86
		{3B401183-D0AB-425A-A2C4-9261294D8730}.Ad-Hoc|Any CPU.ActiveCfg = Release|Any CPU
		{3B401183-D0AB-425A-A2C4-9261294D8730}.Ad-Hoc|Any CPU.Build.0 = Release|Any CPU
		{3B401183-D0AB-425A-A2C4-9261294D8730}.Ad-Hoc|ARM.ActiveCfg = Release|Any CPU
		{3B401183-D0AB-425A-A2C4-9261294D8730}.Ad-Hoc|ARM.Build.0 = Release|Any CPU
		{3B401183-D0AB-425A-A2C4-9261294D8730}.Ad-Hoc|iPhone.ActiveCfg = Release|Any CPU
		{3B401183-D0AB-425A-A2C4-9261294D8730}.Ad-Hoc|iPhone.Build.0 = Release|Any CPU
		{3B401183-D0AB-425A-A2C4-9261294D8730}.Ad-Hoc|iPhoneSimulator.ActiveCfg = Release|Any CPU
		{3B401183-D0AB-425A-A2C4-9261294D8730}.Ad-Hoc|iPhoneSimulator.Build.0 = Release|Any CPU
		{3B401183-D0AB-425A-A2C4-9261294D8730}.Ad-Hoc|x64.ActiveCfg = Release|Any CPU
		{3B401183-D0AB-425A-A2C4-9261294D8730}.Ad-Hoc|x64.Build.0 = Release|Any CPU
		{3B401183-D0AB-425A-A2C4-9261294D8730}.Ad-Hoc|x86.ActiveCfg = Release|Any CPU
		{3B401183-D0AB-425A-A2C4-9261294D8730}.Ad-Hoc|x86.Build.0 = Release|Any CPU
		{3B401183-D0AB-425A-A2C4-9261294D8730}.AppStore|Any CPU.ActiveCfg = Release|Any CPU
		{3B401183-D0AB-425A-A2C4-9261294D8730}.AppStore|Any CPU.Build.0 = Release|Any CPU
		{3B401183-D0AB-425A-A2C4-9261294D8730}.AppStore|ARM.ActiveCfg = Release|Any CPU
		{3B401183-D0AB-425A-A2C4-9261294D8730}.AppStore|ARM.Build.0 = Release|Any CPU
		{3B401183-D0AB-425A-A2C4-9261294D8730}.AppStore|iPhone.ActiveCfg = Release|Any CPU
		{3B401183-D0AB-425A-A2C4-9261294D8730}.AppStore|iPhone.Build.0 = Release|Any CPU
		{3B401183-D0AB-425A-A2C4-9261294D8730}.AppStore|iPhoneSimulator.ActiveCfg = Release|Any CPU
		{3B401183-D0AB-425A-A2C4-9261294D8730}.AppStore|iPhoneSimulator.Build.0 = Release|Any CPU
		{3B401183-D0AB-425A-A2C4-9261294D8730}.AppStore|x64.ActiveCfg = Release|Any CPU
		{3B401183-D0AB-425A-A2C4-9261294D8730}.AppStore|x64.Build.0 = Release|Any CPU
		{3B401183-D0AB-425A-A2C4-9261294D8730}.AppStore|x86.ActiveCfg = Release|Any CPU
		{3B401183-D0AB-425A-A2C4-9261294D8730}.AppStore|x86.Build.0 = Release|Any CPU
		{3B401183-D0AB-425A-A2C4-9261294D8730}.Debug|Any CPU.ActiveCfg = Debug|Any CPU
		{3B401183-D0AB-425A-A2C4-9261294D8730}.Debug|Any CPU.Build.0 = Debug|Any CPU
		{3B401183-D0AB-425A-A2C4-9261294D8730}.Debug|ARM.ActiveCfg = Debug|Any CPU
		{3B401183-D0AB-425A-A2C4-9261294D8730}.Debug|ARM.Build.0 = Debug|Any CPU
		{3B401183-D0AB-425A-A2C4-9261294D8730}.Debug|iPhone.ActiveCfg = Debug|Any CPU
		{3B401183-D0AB-425A-A2C4-9261294D8730}.Debug|iPhone.Build.0 = Debug|Any CPU
		{3B401183-D0AB-425A-A2C4-9261294D8730}.Debug|iPhoneSimulator.ActiveCfg = Debug|Any CPU
		{3B401183-D0AB-425A-A2C4-9261294D8730}.Debug|iPhoneSimulator.Build.0 = Debug|Any CPU
		{3B401183-D0AB-425A-A2C4-9261294D8730}.Debug|x64.ActiveCfg = Debug|Any CPU
		{3B401183-D0AB-425A-A2C4-9261294D8730}.Debug|x64.Build.0 = Debug|Any CPU
		{3B401183-D0AB-425A-A2C4-9261294D8730}.Debug|x86.ActiveCfg = Debug|Any CPU
		{3B401183-D0AB-425A-A2C4-9261294D8730}.Debug|x86.Build.0 = Debug|Any CPU
		{3B401183-D0AB-425A-A2C4-9261294D8730}.Release|Any CPU.ActiveCfg = Release|Any CPU
		{3B401183-D0AB-425A-A2C4-9261294D8730}.Release|Any CPU.Build.0 = Release|Any CPU
		{3B401183-D0AB-425A-A2C4-9261294D8730}.Release|ARM.ActiveCfg = Release|Any CPU
		{3B401183-D0AB-425A-A2C4-9261294D8730}.Release|ARM.Build.0 = Release|Any CPU
		{3B401183-D0AB-425A-A2C4-9261294D8730}.Release|iPhone.ActiveCfg = Release|Any CPU
		{3B401183-D0AB-425A-A2C4-9261294D8730}.Release|iPhone.Build.0 = Release|Any CPU
		{3B401183-D0AB-425A-A2C4-9261294D8730}.Release|iPhoneSimulator.ActiveCfg = Release|Any CPU
		{3B401183-D0AB-425A-A2C4-9261294D8730}.Release|iPhoneSimulator.Build.0 = Release|Any CPU
		{3B401183-D0AB-425A-A2C4-9261294D8730}.Release|x64.ActiveCfg = Release|Any CPU
		{3B401183-D0AB-425A-A2C4-9261294D8730}.Release|x64.Build.0 = Release|Any CPU
		{3B401183-D0AB-425A-A2C4-9261294D8730}.Release|x86.ActiveCfg = Release|Any CPU
		{3B401183-D0AB-425A-A2C4-9261294D8730}.Release|x86.Build.0 = Release|Any CPU
	EndGlobalSection
	GlobalSection(SolutionProperties) = preSolution
		HideSolutionNode = FALSE
	EndGlobalSection
EndGlobal
